
Microsoft Visual Studio Solution File, Format Version 12.00
# Visual Studio Version 16
VisualStudioVersion = 16.0.30626.31
MinimumVisualStudioVersion = 10.0.40219.1
Project("{FAE04EC0-301F-11D3-BF4B-00C04F79EFBC}") = "ReactAspx", "ReactAspx.csproj", "{884E4C48-B558-4588-BEEB-E9D18227488B}"
EndProject
Global
	GlobalSection(SolutionConfigurationPlatforms) = preSolution
		Debug|Any CPU = Debug|Any CPU
		Release|Any CPU = Release|Any CPU
	EndGlobalSection
	GlobalSection(ProjectConfigurationPlatforms) = postSolution
		{884E4C48-B558-4588-BEEB-E9D18227488B}.Debug|Any CPU.ActiveCfg = Debug|Any CPU
		{884E4C48-B558-4588-BEEB-E9D18227488B}.Debug|Any CPU.Build.0 = Debug|Any CPU
		{884E4C48-B558-4588-BEEB-E9D18227488B}.Release|Any CPU.ActiveCfg = Release|Any CPU
		{884E4C48-B558-4588-BEEB-E9D18227488B}.Release|Any CPU.Build.0 = Release|Any CPU
	EndGlobalSection
	GlobalSection(SolutionProperties) = preSolution
		HideSolutionNode = FALSE
	EndGlobalSection
	GlobalSection(ExtensibilityGlobals) = postSolution
		SolutionGuid = {A1A049C9-DFA7-447D-922F-A75B1A4702C1}
	EndGlobalSection
EndGlobal
